
Microsoft Visual Studio Solution File, Format Version 12.00
Project("{FAE04EC0-301F-11D3-BF4B-00C04F79EFBC}") = "p5_retrieve_C00231110", "p5_retrieve_C00231110\p5_retrieve_C00231110.csproj", "{ABC0A63B-1FB3-424F-A456-9F68B4C0A7D0}"
EndProject
Global
	GlobalSection(SolutionConfigurationPlatforms) = preSolution
		Debug|Any CPU = Debug|Any CPU
		Release|Any CPU = Release|Any CPU
	EndGlobalSection
	GlobalSection(ProjectConfigurationPlatforms) = postSolution
		{ABC0A63B-1FB3-424F-A456-9F68B4C0A7D0}.Debug|Any CPU.ActiveCfg = Debug|Any CPU
		{ABC0A63B-1FB3-424F-A456-9F68B4C0A7D0}.Debug|Any CPU.Build.0 = Debug|Any CPU
		{ABC0A63B-1FB3-424F-A456-9F68B4C0A7D0}.Release|Any CPU.ActiveCfg = Release|Any CPU
		{ABC0A63B-1FB3-424F-A456-9F68B4C0A7D0}.Release|Any CPU.Build.0 = Release|Any CPU
	EndGlobalSection
EndGlobal
