
Microsoft Visual Studio Solution File, Format Version 12.00
Project("{FAE04EC0-301F-11D3-BF4B-00C04F79EFBC}") = "ContinuingServer", "ContinuingServer\ContinuingServer.csproj", "{AC027C80-3F22-4B86-B789-BB4706167B15}"
EndProject
Global
	GlobalSection(SolutionConfigurationPlatforms) = preSolution
		Debug|Any CPU = Debug|Any CPU
		Release|Any CPU = Release|Any CPU
	EndGlobalSection
	GlobalSection(ProjectConfigurationPlatforms) = postSolution
		{AC027C80-3F22-4B86-B789-BB4706167B15}.Debug|Any CPU.ActiveCfg = Debug|Any CPU
		{AC027C80-3F22-4B86-B789-BB4706167B15}.Debug|Any CPU.Build.0 = Debug|Any CPU
		{AC027C80-3F22-4B86-B789-BB4706167B15}.Release|Any CPU.ActiveCfg = Release|Any CPU
		{AC027C80-3F22-4B86-B789-BB4706167B15}.Release|Any CPU.Build.0 = Release|Any CPU
	EndGlobalSection
EndGlobal
