
Microsoft Visual Studio Solution File, Format Version 12.00
Project("{FAE04EC0-301F-11D3-BF4B-00C04F79EFBC}") = "B_TimeClient", "B_TimeClient\B_TimeClient.csproj", "{BEDAFD01-9781-4FCF-81C0-0725E92922C2}"
EndProject
Global
	GlobalSection(SolutionConfigurationPlatforms) = preSolution
		Debug|Any CPU = Debug|Any CPU
		Release|Any CPU = Release|Any CPU
	EndGlobalSection
	GlobalSection(ProjectConfigurationPlatforms) = postSolution
		{BEDAFD01-9781-4FCF-81C0-0725E92922C2}.Debug|Any CPU.ActiveCfg = Debug|Any CPU
		{BEDAFD01-9781-4FCF-81C0-0725E92922C2}.Debug|Any CPU.Build.0 = Debug|Any CPU
		{BEDAFD01-9781-4FCF-81C0-0725E92922C2}.Release|Any CPU.ActiveCfg = Release|Any CPU
		{BEDAFD01-9781-4FCF-81C0-0725E92922C2}.Release|Any CPU.Build.0 = Release|Any CPU
	EndGlobalSection
EndGlobal
